<?xml version="1.0" encoding="utf-8"?>
<Project ToolsVersion="4.0" xmlns="http://schemas.microsoft.com/developer/msbuild/2003">
  <ItemGroup>
    <ClCompile Include="SourceCode\3Dline.cpp" />
    <ClCompile Include="SourceCode\BaseMode.cpp" />
    <ClCompile Include="SourceCode\bullet.cpp" />
    <ClCompile Include="SourceCode\camera.cpp" />
    <ClCompile Include="SourceCode\Character.cpp" />
    <ClCompile Include="SourceCode\collision.cpp" />
    <ClCompile Include="SourceCode\debugcollision.cpp" />
    <ClCompile Include="SourceCode\debugproc.cpp" />
    <ClCompile Include="SourceCode\Enemy.cpp" />
    <ClCompile Include="SourceCode\fade.cpp" />
    <ClCompile Include="SourceCode\flameshot.cpp" />
    <ClCompile Include="SourceCode\game.cpp" />
    <ClCompile Include="SourceCode\grenade.cpp" />
    <ClCompile Include="SourceCode\gun.cpp" />
    <ClCompile Include="SourceCode\handgun.cpp" />
    <ClCompile Include="SourceCode\heavymachinegun.cpp" />
    <ClCompile Include="SourceCode\hosso\Debug_EffectViewer.cpp" />
    <ClCompile Include="SourceCode\hosso\Debug_ModelViewer.cpp" />
    <ClCompile Include="SourceCode\hosso\Debug_ViewerCharacter.cpp" />
    <ClCompile Include="SourceCode\hosso\HossoLibrary.cpp" />
    <ClCompile Include="SourceCode\ImGui\imgui.cpp" />
    <ClCompile Include="SourceCode\ImGui\imgui_draw.cpp" />
    <ClCompile Include="SourceCode\ImGui\imgui_impl_dx9.cpp" />
    <ClCompile Include="SourceCode\ImGui\imgui_impl_win32.cpp" />
    <ClCompile Include="SourceCode\ImGui\imgui_widgets.cpp" />
    <ClCompile Include="SourceCode\inputKeyboard.cpp" />
    <ClCompile Include="SourceCode\item.cpp" />
    <ClCompile Include="SourceCode\lasergun.cpp" />
    <ClCompile Include="SourceCode\light.cpp" />
    <ClCompile Include="SourceCode\main.cpp" />
    <ClCompile Include="SourceCode\manager.cpp" />
    <ClCompile Include="SourceCode\map.cpp" />
    <ClCompile Include="SourceCode\Model.cpp" />
    <ClCompile Include="SourceCode\mouse.cpp" />
    <ClCompile Include="SourceCode\Obstacle.cpp" />
    <ClCompile Include="SourceCode\particle.cpp" />
    <ClCompile Include="SourceCode\ParticleManager.cpp" />
    <ClCompile Include="SourceCode\pause.cpp" />
    <ClCompile Include="SourceCode\Player.cpp" />
    <ClCompile Include="SourceCode\prisoner.cpp" />
    <ClCompile Include="SourceCode\renderer.cpp" />
    <ClCompile Include="SourceCode\rocketlauncher.cpp" />
    <ClCompile Include="SourceCode\Scene.cpp" />
    <ClCompile Include="SourceCode\Scene2D.cpp" />
    <ClCompile Include="SourceCode\Scene3D.cpp" />
    <ClCompile Include="SourceCode\SceneBase.cpp" />
    <ClCompile Include="SourceCode\SceneX.cpp" />
    <ClCompile Include="SourceCode\shotgun.cpp" />
    <ClCompile Include="SourceCode\TexAnimation2D.cpp" />
    <ClCompile Include="SourceCode\TexAnimation3D.cpp" />
    <ClCompile Include="SourceCode\TexAnimationBase.cpp" />
    <ClCompile Include="SourceCode\texture.cpp" />
    <ClCompile Include="SourceCode\XInputPad.cpp" />
    <ClCompile Include="SourceCode\mesh.cpp">
      <Filter>mesh</Filter>
    </ClCompile>
    <ClCompile Include="SourceCode\meshcircle.cpp">
      <Filter>mesh</Filter>
    </ClCompile>
    <ClCompile Include="SourceCode\meshcylinder.cpp">
      <Filter>mesh</Filter>
    </ClCompile>
    <ClCompile Include="SourceCode\meshfield.cpp">
      <Filter>mesh</Filter>
    </ClCompile>
    <ClCompile Include="SourceCode\meshsphere.cpp">
      <Filter>mesh</Filter>
    </ClCompile>
  </ItemGroup>
  <ItemGroup>
    <ClInclude Include="SourceCode\3Dline.h" />
    <ClInclude Include="SourceCode\BaseMode.h" />
    <ClInclude Include="SourceCode\bullet.h" />
    <ClInclude Include="SourceCode\camera.h" />
    <ClInclude Include="SourceCode\Character.h" />
    <ClInclude Include="SourceCode\collision.h" />
    <ClInclude Include="SourceCode\debugcollision.h" />
    <ClInclude Include="SourceCode\debugproc.h" />
    <ClInclude Include="SourceCode\Enemy.h" />
    <ClInclude Include="SourceCode\fade.h" />
    <ClInclude Include="SourceCode\flameshot.h" />
    <ClInclude Include="SourceCode\game.h" />
    <ClInclude Include="SourceCode\grenade.h" />
    <ClInclude Include="SourceCode\gun.h" />
    <ClInclude Include="SourceCode\handgun.h" />
    <ClInclude Include="SourceCode\heavymachinegun.h" />
    <ClInclude Include="SourceCode\hosso\Debug_EffectViewer.h" />
    <ClInclude Include="SourceCode\hosso\Debug_ModelViewer.h" />
    <ClInclude Include="SourceCode\hosso\Debug_ViewerCharacter.h" />
    <ClInclude Include="SourceCode\hosso\HossoLibrary.h" />
    <ClInclude Include="SourceCode\ImGui\imconfig.h" />
    <ClInclude Include="SourceCode\ImGui\imgui.h" />
    <ClInclude Include="SourceCode\ImGui\imgui_impl_dx9.h" />
    <ClInclude Include="SourceCode\ImGui\imgui_impl_win32.h" />
    <ClInclude Include="SourceCode\ImGui\imgui_internal.h" />
    <ClInclude Include="SourceCode\ImGui\imstb_rectpack.h" />
    <ClInclude Include="SourceCode\ImGui\imstb_textedit.h" />
    <ClInclude Include="SourceCode\ImGui\imstb_truetype.h" />
    <ClInclude Include="SourceCode\inputKeyboard.h" />
    <ClInclude Include="SourceCode\item.h" />
    <ClInclude Include="SourceCode\lasergun.h" />
    <ClInclude Include="SourceCode\light.h" />
    <ClInclude Include="SourceCode\main.h" />
    <ClInclude Include="SourceCode\manager.h" />
    <ClInclude Include="SourceCode\map.h" />
    <ClInclude Include="SourceCode\model.h" />
    <ClInclude Include="SourceCode\mouse.h" />
    <ClInclude Include="SourceCode\Obstacle.h" />
    <ClInclude Include="SourceCode\particle.h" />
    <ClInclude Include="SourceCode\ParticleManager.h" />
    <ClInclude Include="SourceCode\pause.h" />
    <ClInclude Include="SourceCode\Player.h" />
    <ClInclude Include="SourceCode\prisoner.h" />
    <ClInclude Include="SourceCode\renderer.h" />
    <ClInclude Include="SourceCode\rocketlauncher.h" />
    <ClInclude Include="SourceCode\Scene.h" />
    <ClInclude Include="SourceCode\scene2D.h" />
    <ClInclude Include="SourceCode\Scene3D.h" />
    <ClInclude Include="SourceCode\SceneBase.h" />
    <ClInclude Include="SourceCode\SceneX.h" />
    <ClInclude Include="SourceCode\shotgun.h" />
    <ClInclude Include="SourceCode\TexAnimation2D.h" />
    <ClInclude Include="SourceCode\TexAnimation3D.h" />
    <ClInclude Include="SourceCode\TexAnimationBase.h" />
    <ClInclude Include="SourceCode\texture.h" />
    <ClInclude Include="SourceCode\XInputPad.h" />
    <ClInclude Include="SourceCode\mesh.h">
      <Filter>mesh</Filter>
    </ClInclude>
    <ClInclude Include="SourceCode\meshcircle.h">
      <Filter>mesh</Filter>
    </ClInclude>
    <ClInclude Include="SourceCode\meshcylinder.h">
      <Filter>mesh</Filter>
    </ClInclude>
    <ClInclude Include="SourceCode\meshfield.h">
      <Filter>mesh</Filter>
    </ClInclude>
    <ClInclude Include="SourceCode\meshsphere.h">
      <Filter>mesh</Filter>
    </ClInclude>
  </ItemGroup>
  <ItemGroup>
    <Filter Include="mesh">
      <UniqueIdentifier>{93673758-e55d-42f7-84f1-0900ba051b62}</UniqueIdentifier>
    </Filter>
  </ItemGroup>
</Project>